{
  "object": {
    "pins": [
      {
        "package": "SendGrid",
        "repositoryURL": "https://github.com/scottkawai/sendgrid-swift.git",
        "state": {
          "branch": null,
          "revision": "74934cafe4f9d202ee223113e56f0ad300754d14",
          "version": "2.2.1"
        }
      }
    ]
  },
  "version": 1
}
